
Microsoft Visual Studio Solution File, Format Version 12.00
# Visual Studio Version 16
VisualStudioVersion = 16.0.30907.101
MinimumVisualStudioVersion = 10.0.40219.1
Project("{FAE04EC0-301F-11D3-BF4B-00C04F79EFBC}") = "Pustok", "Pustok\Pustok.csproj", "{0DDCC791-1F97-4498-82F2-61AF611C6A6C}"
EndProject
Global
	GlobalSection(SolutionConfigurationPlatforms) = preSolution
		Debug|Any CPU = Debug|Any CPU
		Release|Any CPU = Release|Any CPU
	EndGlobalSection
	GlobalSection(ProjectConfigurationPlatforms) = postSolution
		{0DDCC791-1F97-4498-82F2-61AF611C6A6C}.Debug|Any CPU.ActiveCfg = Debug|Any CPU
		{0DDCC791-1F97-4498-82F2-61AF611C6A6C}.Debug|Any CPU.Build.0 = Debug|Any CPU
		{0DDCC791-1F97-4498-82F2-61AF611C6A6C}.Release|Any CPU.ActiveCfg = Release|Any CPU
		{0DDCC791-1F97-4498-82F2-61AF611C6A6C}.Release|Any CPU.Build.0 = Release|Any CPU
	EndGlobalSection
	GlobalSection(SolutionProperties) = preSolution
		HideSolutionNode = FALSE
	EndGlobalSection
	GlobalSection(ExtensibilityGlobals) = postSolution
		SolutionGuid = {AA15196E-0B98-411C-9ADB-033E78922F10}
	EndGlobalSection
EndGlobal
